
Microsoft Visual Studio Solution File, Format Version 12.00
# Visual Studio 15
VisualStudioVersion = 15.0.28307.572
MinimumVisualStudioVersion = 10.0.40219.1
Project("{FAE04EC0-301F-11D3-BF4B-00C04F79EFBC}") = "WebApplication2", "WebApplication2\WebApplication2.csproj", "{81F2588B-D9A7-4FE3-A9FA-92D900BF20E3}"
EndProject
Global
	GlobalSection(SolutionConfigurationPlatforms) = preSolution
		Debug|Any CPU = Debug|Any CPU
		Release|Any CPU = Release|Any CPU
	EndGlobalSection
	GlobalSection(ProjectConfigurationPlatforms) = postSolution
		{81F2588B-D9A7-4FE3-A9FA-92D900BF20E3}.Debug|Any CPU.ActiveCfg = Debug|Any CPU
		{81F2588B-D9A7-4FE3-A9FA-92D900BF20E3}.Debug|Any CPU.Build.0 = Debug|Any CPU
		{81F2588B-D9A7-4FE3-A9FA-92D900BF20E3}.Release|Any CPU.ActiveCfg = Release|Any CPU
		{81F2588B-D9A7-4FE3-A9FA-92D900BF20E3}.Release|Any CPU.Build.0 = Release|Any CPU
	EndGlobalSection
	GlobalSection(SolutionProperties) = preSolution
		HideSolutionNode = FALSE
	EndGlobalSection
	GlobalSection(ExtensibilityGlobals) = postSolution
		SolutionGuid = {3C8832EF-46E2-417E-A249-40B350AE5397}
	EndGlobalSection
EndGlobal
